
Microsoft Visual Studio Solution File, Format Version 12.00
# Visual Studio Version 16
VisualStudioVersion = 16.0.32929.386
MinimumVisualStudioVersion = 10.0.40219.1
Project("{FAE04EC0-301F-11D3-BF4B-00C04F79EFBC}") = "Onsdag2022_10_26_listexempel", "Onsdag2022_10_26_listexempel\Onsdag2022_10_26_listexempel.csproj", "{C3A025BA-CD9D-422E-9A85-0202EDCEEEF7}"
EndProject
Global
	GlobalSection(SolutionConfigurationPlatforms) = preSolution
		Debug|Any CPU = Debug|Any CPU
		Release|Any CPU = Release|Any CPU
	EndGlobalSection
	GlobalSection(ProjectConfigurationPlatforms) = postSolution
		{C3A025BA-CD9D-422E-9A85-0202EDCEEEF7}.Debug|Any CPU.ActiveCfg = Debug|Any CPU
		{C3A025BA-CD9D-422E-9A85-0202EDCEEEF7}.Debug|Any CPU.Build.0 = Debug|Any CPU
		{C3A025BA-CD9D-422E-9A85-0202EDCEEEF7}.Release|Any CPU.ActiveCfg = Release|Any CPU
		{C3A025BA-CD9D-422E-9A85-0202EDCEEEF7}.Release|Any CPU.Build.0 = Release|Any CPU
	EndGlobalSection
	GlobalSection(SolutionProperties) = preSolution
		HideSolutionNode = FALSE
	EndGlobalSection
	GlobalSection(ExtensibilityGlobals) = postSolution
		SolutionGuid = {2762296A-0E7F-4DDA-8DB3-B4B20E25CC3B}
	EndGlobalSection
EndGlobal
